
Microsoft Visual Studio Solution File, Format Version 12.00
# Visual Studio Version 17
VisualStudioVersion = 17.0.31903.59
MinimumVisualStudioVersion = 10.0.40219.1
Project("{2150E333-8FDC-42A3-9474-1A3956D46DE8}") = "src", "src", "{827E0CD3-B72D-47B6-A68D-7590B98EB39B}"
EndProject
Project("{FAE04EC0-301F-11D3-BF4B-00C04F79EFBC}") = "EventManagement.Domain", "src\EventManagement.Domain\EventManagement.Domain.csproj", "{FAEBE93B-576B-41A4-82AD-9D51ACE5ED07}"
EndProject
Project("{FAE04EC0-301F-11D3-BF4B-00C04F79EFBC}") = "EventManagement.Application", "src\EventManagement.Application\EventManagement.Application.csproj", "{4DB176CD-0538-4709-9A8E-522C1A0DC953}"
EndProject
Project("{FAE04EC0-301F-11D3-BF4B-00C04F79EFBC}") = "EventManagement.Infrastructure", "src\EventManagement.Infrastructure\EventManagement.Infrastructure.csproj", "{3F28679E-8DA3-4260-9045-22CF1BAD7528}"
EndProject
Project("{FAE04EC0-301F-11D3-BF4B-00C04F79EFBC}") = "EventManagement.API", "src\EventManagement.API\EventManagement.API.csproj", "{A0C60A80-7276-4559-9CE0-D30CA5DC8EC2}"
EndProject
Global
	GlobalSection(SolutionConfigurationPlatforms) = preSolution
		Debug|Any CPU = Debug|Any CPU
		Debug|x64 = Debug|x64
		Debug|x86 = Debug|x86
		Release|Any CPU = Release|Any CPU
		Release|x64 = Release|x64
		Release|x86 = Release|x86
	EndGlobalSection
	GlobalSection(ProjectConfigurationPlatforms) = postSolution
		{FAEBE93B-576B-41A4-82AD-9D51ACE5ED07}.Debug|Any CPU.ActiveCfg = Debug|Any CPU
		{FAEBE93B-576B-41A4-82AD-9D51ACE5ED07}.Debug|Any CPU.Build.0 = Debug|Any CPU
		{FAEBE93B-576B-41A4-82AD-9D51ACE5ED07}.Debug|x64.ActiveCfg = Debug|Any CPU
		{FAEBE93B-576B-41A4-82AD-9D51ACE5ED07}.Debug|x64.Build.0 = Debug|Any CPU
		{FAEBE93B-576B-41A4-82AD-9D51ACE5ED07}.Debug|x86.ActiveCfg = Debug|Any CPU
		{FAEBE93B-576B-41A4-82AD-9D51ACE5ED07}.Debug|x86.Build.0 = Debug|Any CPU
		{FAEBE93B-576B-41A4-82AD-9D51ACE5ED07}.Release|Any CPU.ActiveCfg = Release|Any CPU
		{FAEBE93B-576B-41A4-82AD-9D51ACE5ED07}.Release|Any CPU.Build.0 = Release|Any CPU
		{FAEBE93B-576B-41A4-82AD-9D51ACE5ED07}.Release|x64.ActiveCfg = Release|Any CPU
		{FAEBE93B-576B-41A4-82AD-9D51ACE5ED07}.Release|x64.Build.0 = Release|Any CPU
		{FAEBE93B-576B-41A4-82AD-9D51ACE5ED07}.Release|x86.ActiveCfg = Release|Any CPU
		{FAEBE93B-576B-41A4-82AD-9D51ACE5ED07}.Release|x86.Build.0 = Release|Any CPU
		{4DB176CD-0538-4709-9A8E-522C1A0DC953}.Debug|Any CPU.ActiveCfg = Debug|Any CPU
		{4DB176CD-0538-4709-9A8E-522C1A0DC953}.Debug|Any CPU.Build.0 = Debug|Any CPU
		{4DB176CD-0538-4709-9A8E-522C1A0DC953}.Debug|x64.ActiveCfg = Debug|Any CPU
		{4DB176CD-0538-4709-9A8E-522C1A0DC953}.Debug|x64.Build.0 = Debug|Any CPU
		{4DB176CD-0538-4709-9A8E-522C1A0DC953}.Debug|x86.ActiveCfg = Debug|Any CPU
		{4DB176CD-0538-4709-9A8E-522C1A0DC953}.Debug|x86.Build.0 = Debug|Any CPU
		{4DB176CD-0538-4709-9A8E-522C1A0DC953}.Release|Any CPU.ActiveCfg = Release|Any CPU
		{4DB176CD-0538-4709-9A8E-522C1A0DC953}.Release|Any CPU.Build.0 = Release|Any CPU
		{4DB176CD-0538-4709-9A8E-522C1A0DC953}.Release|x64.ActiveCfg = Release|Any CPU
		{4DB176CD-0538-4709-9A8E-522C1A0DC953}.Release|x64.Build.0 = Release|Any CPU
		{4DB176CD-0538-4709-9A8E-522C1A0DC953}.Release|x86.ActiveCfg = Release|Any CPU
		{4DB176CD-0538-4709-9A8E-522C1A0DC953}.Release|x86.Build.0 = Release|Any CPU
		{3F28679E-8DA3-4260-9045-22CF1BAD7528}.Debug|Any CPU.ActiveCfg = Debug|Any CPU
		{3F28679E-8DA3-4260-9045-22CF1BAD7528}.Debug|Any CPU.Build.0 = Debug|Any CPU
		{3F28679E-8DA3-4260-9045-22CF1BAD7528}.Debug|x64.ActiveCfg = Debug|Any CPU
		{3F28679E-8DA3-4260-9045-22CF1BAD7528}.Debug|x64.Build.0 = Debug|Any CPU
		{3F28679E-8DA3-4260-9045-22CF1BAD7528}.Debug|x86.ActiveCfg = Debug|Any CPU
		{3F28679E-8DA3-4260-9045-22CF1BAD7528}.Debug|x86.Build.0 = Debug|Any CPU
		{3F28679E-8DA3-4260-9045-22CF1BAD7528}.Release|Any CPU.ActiveCfg = Release|Any CPU
		{3F28679E-8DA3-4260-9045-22CF1BAD7528}.Release|Any CPU.Build.0 = Release|Any CPU
		{3F28679E-8DA3-4260-9045-22CF1BAD7528}.Release|x64.ActiveCfg = Release|Any CPU
		{3F28679E-8DA3-4260-9045-22CF1BAD7528}.Release|x64.Build.0 = Release|Any CPU
		{3F28679E-8DA3-4260-9045-22CF1BAD7528}.Release|x86.ActiveCfg = Release|Any CPU
		{3F28679E-8DA3-4260-9045-22CF1BAD7528}.Release|x86.Build.0 = Release|Any CPU
		{A0C60A80-7276-4559-9CE0-D30CA5DC8EC2}.Debug|Any CPU.ActiveCfg = Debug|Any CPU
		{A0C60A80-7276-4559-9CE0-D30CA5DC8EC2}.Debug|Any CPU.Build.0 = Debug|Any CPU
		{A0C60A80-7276-4559-9CE0-D30CA5DC8EC2}.Debug|x64.ActiveCfg = Debug|Any CPU
		{A0C60A80-7276-4559-9CE0-D30CA5DC8EC2}.Debug|x64.Build.0 = Debug|Any CPU
		{A0C60A80-7276-4559-9CE0-D30CA5DC8EC2}.Debug|x86.ActiveCfg = Debug|Any CPU
		{A0C60A80-7276-4559-9CE0-D30CA5DC8EC2}.Debug|x86.Build.0 = Debug|Any CPU
		{A0C60A80-7276-4559-9CE0-D30CA5DC8EC2}.Release|Any CPU.ActiveCfg = Release|Any CPU
		{A0C60A80-7276-4559-9CE0-D30CA5DC8EC2}.Release|Any CPU.Build.0 = Release|Any CPU
		{A0C60A80-7276-4559-9CE0-D30CA5DC8EC2}.Release|x64.ActiveCfg = Release|Any CPU
		{A0C60A80-7276-4559-9CE0-D30CA5DC8EC2}.Release|x64.Build.0 = Release|Any CPU
		{A0C60A80-7276-4559-9CE0-D30CA5DC8EC2}.Release|x86.ActiveCfg = Release|Any CPU
		{A0C60A80-7276-4559-9CE0-D30CA5DC8EC2}.Release|x86.Build.0 = Release|Any CPU
	EndGlobalSection
	GlobalSection(SolutionProperties) = preSolution
		HideSolutionNode = FALSE
	EndGlobalSection
	GlobalSection(NestedProjects) = preSolution
		{FAEBE93B-576B-41A4-82AD-9D51ACE5ED07} = {827E0CD3-B72D-47B6-A68D-7590B98EB39B}
		{4DB176CD-0538-4709-9A8E-522C1A0DC953} = {827E0CD3-B72D-47B6-A68D-7590B98EB39B}
		{3F28679E-8DA3-4260-9045-22CF1BAD7528} = {827E0CD3-B72D-47B6-A68D-7590B98EB39B}
		{A0C60A80-7276-4559-9CE0-D30CA5DC8EC2} = {827E0CD3-B72D-47B6-A68D-7590B98EB39B}
	EndGlobalSection
EndGlobal
